
Microsoft Visual Studio Solution File, Format Version 12.00
# Visual Studio 15
VisualStudioVersion = 15.0.27703.2018
MinimumVisualStudioVersion = 10.0.40219.1
Project("{FAE04EC0-301F-11D3-BF4B-00C04F79EFBC}") = "OlympicNavigator", "OlympicNavigator\OlympicNavigator.csproj", "{5D325F5D-59F2-4771-B9AB-D65130B4CEA9}"
EndProject
Global
	GlobalSection(SolutionConfigurationPlatforms) = preSolution
		Debug|Any CPU = Debug|Any CPU
		Debug|x64 = Debug|x64
		Release|Any CPU = Release|Any CPU
		Release|x64 = Release|x64
	EndGlobalSection
	GlobalSection(ProjectConfigurationPlatforms) = postSolution
		{5D325F5D-59F2-4771-B9AB-D65130B4CEA9}.Debug|Any CPU.ActiveCfg = Debug|Any CPU
		{5D325F5D-59F2-4771-B9AB-D65130B4CEA9}.Debug|Any CPU.Build.0 = Debug|Any CPU
		{5D325F5D-59F2-4771-B9AB-D65130B4CEA9}.Debug|x64.ActiveCfg = Debug|x64
		{5D325F5D-59F2-4771-B9AB-D65130B4CEA9}.Debug|x64.Build.0 = Debug|x64
		{5D325F5D-59F2-4771-B9AB-D65130B4CEA9}.Release|Any CPU.ActiveCfg = Release|Any CPU
		{5D325F5D-59F2-4771-B9AB-D65130B4CEA9}.Release|Any CPU.Build.0 = Release|Any CPU
		{5D325F5D-59F2-4771-B9AB-D65130B4CEA9}.Release|x64.ActiveCfg = Release|x64
		{5D325F5D-59F2-4771-B9AB-D65130B4CEA9}.Release|x64.Build.0 = Release|x64
	EndGlobalSection
	GlobalSection(SolutionProperties) = preSolution
		HideSolutionNode = FALSE
	EndGlobalSection
	GlobalSection(ExtensibilityGlobals) = postSolution
		SolutionGuid = {C7A98708-BC86-4BC9-95C9-90618A34D4B5}
	EndGlobalSection
EndGlobal
